
Microsoft Visual Studio Solution File, Format Version 12.00
# Visual Studio Version 16
VisualStudioVersion = 16.0.30114.105
MinimumVisualStudioVersion = 10.0.40219.1
Project("{FAE04EC0-301F-11D3-BF4B-00C04F79EFBC}") = "BlazorEFSimpleCrud", "BlazorEFSimpleCrud\BlazorEFSimpleCrud.csproj", "{C7C0EA3C-E1F8-46A4-A5A4-3B3769226140}"
EndProject
Global
	GlobalSection(SolutionConfigurationPlatforms) = preSolution
		Debug|Any CPU = Debug|Any CPU
		Release|Any CPU = Release|Any CPU
	EndGlobalSection
	GlobalSection(ProjectConfigurationPlatforms) = postSolution
		{C7C0EA3C-E1F8-46A4-A5A4-3B3769226140}.Debug|Any CPU.ActiveCfg = Debug|Any CPU
		{C7C0EA3C-E1F8-46A4-A5A4-3B3769226140}.Debug|Any CPU.Build.0 = Debug|Any CPU
		{C7C0EA3C-E1F8-46A4-A5A4-3B3769226140}.Release|Any CPU.ActiveCfg = Release|Any CPU
		{C7C0EA3C-E1F8-46A4-A5A4-3B3769226140}.Release|Any CPU.Build.0 = Release|Any CPU
	EndGlobalSection
	GlobalSection(SolutionProperties) = preSolution
		HideSolutionNode = FALSE
	EndGlobalSection
	GlobalSection(ExtensibilityGlobals) = postSolution
		SolutionGuid = {EE0E536C-11D8-4E6C-8F0C-32E03C7B2786}
	EndGlobalSection
EndGlobal
